// !$*UTF8*$!
{
	archiveVersion = 1;
	classes = {
	};
	objectVersion = 52;
	objects = {

/* Begin PBXBuildFile section */
		1B091F4623FCC8720085DD29 /* PackageC in Frameworks */ = {isa = PBXBuildFile; productRef = 1B091F4523FCC8720085DD29 /* PackageC */; };
		1B28038523FC8D8E00F42FA9 /* PackageB in Frameworks */ = {isa = PBXBuildFile; productRef = 1B28038423FC8D8E00F42FA9 /* PackageB */; };
		1BD2FB7123FD4FD000582AF2 /* StringExtensions in Frameworks */ = {isa = PBXBuildFile; productRef = 1BD2FB7023FD4FD000582AF2 /* StringExtensions */; };
		1BF8710523F9628900855017 /* AppDelegate.swift in Sources */ = {isa = PBXBuildFile; fileRef = 1BF8710423F9628900855017 /* AppDelegate.swift */; };
		1BF8710723F9628900855017 /* SceneDelegate.swift in Sources */ = {isa = PBXBuildFile; fileRef = 1BF8710623F9628900855017 /* SceneDelegate.swift */; };
		1BF8710923F9628900855017 /* ContentView.swift in Sources */ = {isa = PBXBuildFile; fileRef = 1BF8710823F9628900855017 /* ContentView.swift */; };
		1BF8710B23F9628A00855017 /* Assets.xcassets in Resources */ = {isa = PBXBuildFile; fileRef = 1BF8710A23F9628A00855017 /* Assets.xcassets */; };
		1BF8710E23F9628A00855017 /* Preview Assets.xcassets in Resources */ = {isa = PBXBuildFile; fileRef = 1BF8710D23F9628A00855017 /* Preview Assets.xcassets */; };
		1BF8711123F9628A00855017 /* LaunchScreen.storyboard in Resources */ = {isa = PBXBuildFile; fileRef = 1BF8710F23F9628A00855017 /* LaunchScreen.storyboard */; };
/* End PBXBuildFile section */

/* Begin PBXFileReference section */
		1B091F4423FCC86B0085DD29 /* PackageC */ = {isa = PBXFileReference; lastKnownFileType = folder; name = PackageC; path = ../PackageC; sourceTree = "<group>"; };
		1BF8710123F9628900855017 /* SwiftPM-Demo.app */ = {isa = PBXFileReference; explicitFileType = wrapper.application; includeInIndex = 0; path = "SwiftPM-Demo.app"; sourceTree = BUILT_PRODUCTS_DIR; };
		1BF8710423F9628900855017 /* AppDelegate.swift */ = {isa = PBXFileReference; lastKnownFileType = sourcecode.swift; path = AppDelegate.swift; sourceTree = "<group>"; };
		1BF8710623F9628900855017 /* SceneDelegate.swift */ = {isa = PBXFileReference; lastKnownFileType = sourcecode.swift; path = SceneDelegate.swift; sourceTree = "<group>"; };
		1BF8710823F9628900855017 /* ContentView.swift */ = {isa = PBXFileReference; lastKnownFileType = sourcecode.swift; path = ContentView.swift; sourceTree = "<group>"; };
		1BF8710A23F9628A00855017 /* Assets.xcassets */ = {isa = PBXFileReference; lastKnownFileType = folder.assetcatalog; path = Assets.xcassets; sourceTree = "<group>"; };
		1BF8710D23F9628A00855017 /* Preview Assets.xcassets */ = {isa = PBXFileReference; lastKnownFileType = folder.assetcatalog; path = "Preview Assets.xcassets"; sourceTree = "<group>"; };
		1BF8711023F9628A00855017 /* Base */ = {isa = PBXFileReference; lastKnownFileType = file.storyboard; name = Base; path = Base.lproj/LaunchScreen.storyboard; sourceTree = "<group>"; };
		1BF8711223F9628A00855017 /* Info.plist */ = {isa = PBXFileReference; lastKnownFileType = text.plist.xml; path = Info.plist; sourceTree = "<group>"; };
/* End PBXFileReference section */

/* Begin PBXFrameworksBuildPhase section */
		1BF870FE23F9628900855017 /* Frameworks */ = {
			isa = PBXFrameworksBuildPhase;
			buildActionMask = 2147483647;
			files = (
				1BD2FB7123FD4FD000582AF2 /* StringExtensions in Frameworks */,
				1B091F4623FCC8720085DD29 /* PackageC in Frameworks */,
				1B28038523FC8D8E00F42FA9 /* PackageB in Frameworks */,
			);
			runOnlyForDeploymentPostprocessing = 0;
		};
/* End PBXFrameworksBuildPhase section */

/* Begin PBXGroup section */
		1B080DFE23F96CB000DE32C2 /* Frameworks */ = {
			isa = PBXGroup;
			children = (
			);
			name = Frameworks;
			sourceTree = "<group>";
		};
		1BF870F823F9628900855017 = {
			isa = PBXGroup;
			children = (
				1B091F4423FCC86B0085DD29 /* PackageC */,
				1BF8710323F9628900855017 /* SwiftPM-Demo */,
				1BF8710223F9628900855017 /* Products */,
				1B080DFE23F96CB000DE32C2 /* Frameworks */,
			);
			sourceTree = "<group>";
		};
		1BF8710223F9628900855017 /* Products */ = {
			isa = PBXGroup;
			children = (
				1BF8710123F9628900855017 /* SwiftPM-Demo.app */,
			);
			name = Products;
			sourceTree = "<group>";
		};
		1BF8710323F9628900855017 /* SwiftPM-Demo */ = {
			isa = PBXGroup;
			children = (
				1BF8710423F9628900855017 /* AppDelegate.swift */,
				1BF8710623F9628900855017 /* SceneDelegate.swift */,
				1BF8710823F9628900855017 /* ContentView.swift */,
				1BF8710A23F9628A00855017 /* Assets.xcassets */,
				1BF8710F23F9628A00855017 /* LaunchScreen.storyboard */,
				1BF8711223F9628A00855017 /* Info.plist */,
				1BF8710C23F9628A00855017 /* Preview Content */,
			);
			path = "SwiftPM-Demo";
			sourceTree = "<group>";
		};
		1BF8710C23F9628A00855017 /* Preview Content */ = {
			isa = PBXGroup;
			children = (
				1BF8710D23F9628A00855017 /* Preview Assets.xcassets */,
			);
			path = "Preview Content";
			sourceTree = "<group>";
		};
/* End PBXGroup section */

/* Begin PBXNativeTarget section */
		1BF8710023F9628900855017 /* SwiftPM-Demo */ = {
			isa = PBXNativeTarget;
			buildConfigurationList = 1BF8711523F9628A00855017 /* Build configuration list for PBXNativeTarget "SwiftPM-Demo" */;
			buildPhases = (
				1BF870FD23F9628900855017 /* Sources */,
				1BF870FE23F9628900855017 /* Frameworks */,
				1BF870FF23F9628900855017 /* Resources */,
			);
			buildRules = (
			);
			dependencies = (
			);
			name = "SwiftPM-Demo";
			packageProductDependencies = (
				1B28038423FC8D8E00F42FA9 /* PackageB */,
				1B091F4523FCC8720085DD29 /* PackageC */,
				1BD2FB7023FD4FD000582AF2 /* StringExtensions */,
			);
			productName = "SwiftPM-Demo";
			productReference = 1BF8710123F9628900855017 /* SwiftPM-Demo.app */;
			productType = "com.apple.product-type.application";
		};
/* End PBXNativeTarget section */

/* Begin PBXProject section */
		1BF870F923F9628900855017 /* Project object */ = {
			isa = PBXProject;
			attributes = {
				LastSwiftUpdateCheck = 1130;
				LastUpgradeCheck = 1130;
				ORGANIZATIONNAME = "Balázs Szamódy";
				TargetAttributes = {
					1BF8710023F9628900855017 = {
						CreatedOnToolsVersion = 11.3.1;
					};
				};
			};
			buildConfigurationList = 1BF870FC23F9628900855017 /* Build configuration list for PBXProject "SwiftPM-Demo" */;
			compatibilityVersion = "Xcode 9.3";
			developmentRegion = en;
			hasScannedForEncodings = 0;
			knownRegions = (
				en,
				Base,
			);
			mainGroup = 1BF870F823F9628900855017;
			packageReferences = (
				1B28038323FC8D8E00F42FA9 /* XCRemoteSwiftPackageReference "swiftpmtalk_b" */,
				1BD2FB6F23FD4FD000582AF2 /* XCRemoteSwiftPackageReference "cocoatest" */,
			);
			productRefGroup = 1BF8710223F9628900855017 /* Products */;
			projectDirPath = "";
			projectRoot = "";
			targets = (
				1BF8710023F9628900855017 /* SwiftPM-Demo */,
			);
		};
/* End PBXProject section */

/* Begin PBXResourcesBuildPhase section */
		1BF870FF23F9628900855017 /* Resources */ = {
			isa = PBXResourcesBuildPhase;
			buildActionMask = 2147483647;
			files = (
				1BF8711123F9628A00855017 /* LaunchScreen.storyboard in Resources */,
				1BF8710E23F9628A00855017 /* Preview Assets.xcassets in Resources */,
				1BF8710B23F9628A00855017 /* Assets.xcassets in Resources */,
			);
			runOnlyForDeploymentPostprocessing = 0;
		};
/* End PBXResourcesBuildPhase section */

/* Begin PBXSourcesBuildPhase section */
		1BF870FD23F9628900855017 /* Sources */ = {
			isa = PBXSourcesBuildPhase;
			buildActionMask = 2147483647;
			files = (
				1BF8710523F9628900855017 /* AppDelegate.swift in Sources */,
				1BF8710723F9628900855017 /* SceneDelegate.swift in Sources */,
				1BF8710923F9628900855017 /* ContentView.swift in Sources */,
			);
			runOnlyForDeploymentPostprocessing = 0;
		};
/* End PBXSourcesBuildPhase section */

/* Begin PBXVariantGroup section */
		1BF8710F23F9628A00855017 /* LaunchScreen.storyboard */ = {
			isa = PBXVariantGroup;
			children = (
				1BF8711023F9628A00855017 /* Base */,
			);
			name = LaunchScreen.storyboard;
			sourceTree = "<group>";
		};
/* End PBXVariantGroup section */

/* Begin XCBuildConfiguration section */
		1BF8711323F9628A00855017 /* Debug */ = {
			isa = XCBuildConfiguration;
			buildSettings = {
				ALWAYS_SEARCH_USER_PATHS = NO;
				CLANG_ANALYZER_NONNULL = YES;
				CLANG_ANALYZER_NUMBER_OBJECT_CONVERSION = YES_AGGRESSIVE;
				CLANG_CXX_LANGUAGE_STANDARD = "gnu++14";
				CLANG_CXX_LIBRARY = "libc++";
				CLANG_ENABLE_MODULES = YES;
				CLANG_ENABLE_OBJC_ARC = YES;
				CLANG_ENABLE_OBJC_WEAK = YES;
				CLANG_WARN_BLOCK_CAPTURE_AUTORELEASING = YES;
				CLANG_WARN_BOOL_CONVERSION = YES;
				CLANG_WARN_COMMA = YES;
				CLANG_WARN_CONSTANT_CONVERSION = YES;
				CLANG_WARN_DEPRECATED_OBJC_IMPLEMENTATIONS = YES;
				CLANG_WARN_DIRECT_OBJC_ISA_USAGE = YES_ERROR;
				CLANG_WARN_DOCUMENTATION_COMMENTS = YES;
				CLANG_WARN_EMPTY_BODY = YES;
				CLANG_WARN_ENUM_CONVERSION = YES;
				CLANG_WARN_INFINITE_RECURSION = YES;
				CLANG_WARN_INT_CONVERSION = YES;
				CLANG_WARN_NON_LITERAL_NULL_CONVERSION = YES;
				CLANG_WARN_OBJC_IMPLICIT_RETAIN_SELF = YES;
				CLANG_WARN_OBJC_LITERAL_CONVERSION = YES;
				CLANG_WARN_OBJC_ROOT_CLASS = YES_ERROR;
				CLANG_WARN_RANGE_LOOP_ANALYSIS = YES;
				CLANG_WARN_STRICT_PROTOTYPES = YES;
				CLANG_WARN_SUSPICIOUS_MOVE = YES;
				CLANG_WARN_UNGUARDED_AVAILABILITY = YES_AGGRESSIVE;
				CLANG_WARN_UNREACHABLE_CODE = YES;
				CLANG_WARN__DUPLICATE_METHOD_MATCH = YES;
				COPY_PHASE_STRIP = NO;
				DEBUG_INFORMATION_FORMAT = dwarf;
				ENABLE_STRICT_OBJC_MSGSEND = YES;
				ENABLE_TESTABILITY = YES;
				GCC_C_LANGUAGE_STANDARD = gnu11;
				GCC_DYNAMIC_NO_PIC = NO;
				GCC_NO_COMMON_BLOCKS = YES;
				GCC_OPTIMIZATION_LEVEL = 0;
				GCC_PREPROCESSOR_DEFINITIONS = (
					"DEBUG=1",
					"$(inherited)",
				);
				GCC_WARN_64_TO_32_BIT_CONVERSION = YES;
				GCC_WARN_ABOUT_RETURN_TYPE = YES_ERROR;
				GCC_WARN_UNDECLARED_SELECTOR = YES;
				GCC_WARN_UNINITIALIZED_AUTOS = YES_AGGRESSIVE;
				GCC_WARN_UNUSED_FUNCTION = YES;
				GCC_WARN_UNUSED_VARIABLE = YES;
				IPHONEOS_DEPLOYMENT_TARGET = 13.2;
				MTL_ENABLE_DEBUG_INFO = INCLUDE_SOURCE;
				MTL_FAST_MATH = YES;
				ONLY_ACTIVE_ARCH = YES;
				SDKROOT = iphoneos;
				SWIFT_ACTIVE_COMPILATION_CONDITIONS = DEBUG;
				SWIFT_OPTIMIZATION_LEVEL = "-Onone";
			};
			name = Debug;
		};
		1BF8711423F9628A00855017 /* Release */ = {
			isa = XCBuildConfiguration;
			buildSettings = {
				ALWAYS_SEARCH_USER_PATHS = NO;
				CLANG_ANALYZER_NONNULL = YES;
				CLANG_ANALYZER_NUMBER_OBJECT_CONVERSION = YES_AGGRESSIVE;
				CLANG_CXX_LANGUAGE_STANDARD = "gnu++14";
				CLANG_CXX_LIBRARY = "libc++";
				CLANG_ENABLE_MODULES = YES;
				CLANG_ENABLE_OBJC_ARC = YES;
				CLANG_ENABLE_OBJC_WEAK = YES;
				CLANG_WARN_BLOCK_CAPTURE_AUTORELEASING = YES;
				CLANG_WARN_BOOL_CONVERSION = YES;
				CLANG_WARN_COMMA = YES;
				CLANG_WARN_CONSTANT_CONVERSION = YES;
				CLANG_WARN_DEPRECATED_OBJC_IMPLEMENTATIONS = YES;
				CLANG_WARN_DIRECT_OBJC_ISA_USAGE = YES_ERROR;
				CLANG_WARN_DOCUMENTATION_COMMENTS = YES;
				CLANG_WARN_EMPTY_BODY = YES;
				CLANG_WARN_ENUM_CONVERSION = YES;
				CLANG_WARN_INFINITE_RECURSION = YES;
				CLANG_WARN_INT_CONVERSION = YES;
				CLANG_WARN_NON_LITERAL_NULL_CONVERSION = YES;
				CLANG_WARN_OBJC_IMPLICIT_RETAIN_SELF = YES;
				CLANG_WARN_OBJC_LITERAL_CONVERSION = YES;
				CLANG_WARN_OBJC_ROOT_CLASS = YES_ERROR;
				CLANG_WARN_RANGE_LOOP_ANALYSIS = YES;
				CLANG_WARN_STRICT_PROTOTYPES = YES;
				CLANG_WARN_SUSPICIOUS_MOVE = YES;
				CLANG_WARN_UNGUARDED_AVAILABILITY = YES_AGGRESSIVE;
				CLANG_WARN_UNREACHABLE_CODE = YES;
				CLANG_WARN__DUPLICATE_METHOD_MATCH = YES;
				COPY_PHASE_STRIP = NO;
				DEBUG_INFORMATION_FORMAT = "dwarf-with-dsym";
				ENABLE_NS_ASSERTIONS = NO;
				ENABLE_STRICT_OBJC_MSGSEND = YES;
				GCC_C_LANGUAGE_STANDARD = gnu11;
				GCC_NO_COMMON_BLOCKS = YES;
				GCC_WARN_64_TO_32_BIT_CONVERSION = YES;
				GCC_WARN_ABOUT_RETURN_TYPE = YES_ERROR;
				GCC_WARN_UNDECLARED_SELECTOR = YES;
				GCC_WARN_UNINITIALIZED_AUTOS = YES_AGGRESSIVE;
				GCC_WARN_UNUSED_FUNCTION = YES;
				GCC_WARN_UNUSED_VARIABLE = YES;
				IPHONEOS_DEPLOYMENT_TARGET = 13.2;
				MTL_ENABLE_DEBUG_INFO = NO;
				MTL_FAST_MATH = YES;
				SDKROOT = iphoneos;
				SWIFT_COMPILATION_MODE = wholemodule;
				SWIFT_OPTIMIZATION_LEVEL = "-O";
				VALIDATE_PRODUCT = YES;
			};
			name = Release;
		};
		1BF8711623F9628A00855017 /* Debug */ = {
			isa = XCBuildConfiguration;
			buildSettings = {
				ASSETCATALOG_COMPILER_APPICON_NAME = AppIcon;
				CODE_SIGN_STYLE = Automatic;
				DEVELOPMENT_ASSET_PATHS = "\"SwiftPM-Demo/Preview Content\"";
				ENABLE_PREVIEWS = YES;
				INFOPLIST_FILE = "SwiftPM-Demo/Info.plist";
				LD_RUNPATH_SEARCH_PATHS = (
					"$(inherited)",
					"@executable_path/Frameworks",
				);
				PRODUCT_BUNDLE_IDENTIFIER = "com.fr3qfly.SwiftPM-Demo";
				PRODUCT_NAME = "$(TARGET_NAME)";
				SWIFT_VERSION = 5.0;
				TARGETED_DEVICE_FAMILY = "1,2";
			};
			name = Debug;
		};
		1BF8711723F9628A00855017 /* Release */ = {
			isa = XCBuildConfiguration;
			buildSettings = {
				ASSETCATALOG_COMPILER_APPICON_NAME = AppIcon;
				CODE_SIGN_STYLE = Automatic;
				DEVELOPMENT_ASSET_PATHS = "\"SwiftPM-Demo/Preview Content\"";
				ENABLE_PREVIEWS = YES;
				INFOPLIST_FILE = "SwiftPM-Demo/Info.plist";
				LD_RUNPATH_SEARCH_PATHS = (
					"$(inherited)",
					"@executable_path/Frameworks",
				);
				PRODUCT_BUNDLE_IDENTIFIER = "com.fr3qfly.SwiftPM-Demo";
				PRODUCT_NAME = "$(TARGET_NAME)";
				SWIFT_VERSION = 5.0;
				TARGETED_DEVICE_FAMILY = "1,2";
			};
			name = Release;
		};
/* End XCBuildConfiguration section */

/* Begin XCConfigurationList section */
		1BF870FC23F9628900855017 /* Build configuration list for PBXProject "SwiftPM-Demo" */ = {
			isa = XCConfigurationList;
			buildConfigurations = (
				1BF8711323F9628A00855017 /* Debug */,
				1BF8711423F9628A00855017 /* Release */,
			);
			defaultConfigurationIsVisible = 0;
			defaultConfigurationName = Release;
		};
		1BF8711523F9628A00855017 /* Build configuration list for PBXNativeTarget "SwiftPM-Demo" */ = {
			isa = XCConfigurationList;
			buildConfigurations = (
				1BF8711623F9628A00855017 /* Debug */,
				1BF8711723F9628A00855017 /* Release */,
			);
			defaultConfigurationIsVisible = 0;
			defaultConfigurationName = Release;
		};
/* End XCConfigurationList section */

/* Begin XCRemoteSwiftPackageReference section */
		1B28038323FC8D8E00F42FA9 /* XCRemoteSwiftPackageReference "swiftpmtalk_b" */ = {
			isa = XCRemoteSwiftPackageReference;
			repositoryURL = "https://fr3qfly@bitbucket.org/fr3qfly/swiftpmtalk_b.git";
			requirement = {
				kind = upToNextMajorVersion;
				minimumVersion = 0.0.1;
			};
		};
		1BD2FB6F23FD4FD000582AF2 /* XCRemoteSwiftPackageReference "cocoatest" */ = {
			isa = XCRemoteSwiftPackageReference;
			repositoryURL = "git@github.com:BalazsSzamody/cocoatest.git";
			requirement = {
				branch = swiftPM;
				kind = branch;
			};
		};
/* End XCRemoteSwiftPackageReference section */

/* Begin XCSwiftPackageProductDependency section */
		1B091F4523FCC8720085DD29 /* PackageC */ = {
			isa = XCSwiftPackageProductDependency;
			productName = PackageC;
		};
		1B28038423FC8D8E00F42FA9 /* PackageB */ = {
			isa = XCSwiftPackageProductDependency;
			package = 1B28038323FC8D8E00F42FA9 /* XCRemoteSwiftPackageReference "swiftpmtalk_b" */;
			productName = PackageB;
		};
		1BD2FB7023FD4FD000582AF2 /* StringExtensions */ = {
			isa = XCSwiftPackageProductDependency;
			package = 1BD2FB6F23FD4FD000582AF2 /* XCRemoteSwiftPackageReference "cocoatest" */;
			productName = StringExtensions;
		};
/* End XCSwiftPackageProductDependency section */
	};
	rootObject = 1BF870F923F9628900855017 /* Project object */;
}
