{
  "object": {
    "pins": [
      {
        "package": "StringExtensions",
        "repositoryURL": "git@github.com:BalazsSzamody/cocoatest.git",
        "state": {
          "branch": "swiftPM",
          "revision": "6deac9d3653e7a3c2f2de1a59f366c9299513675",
          "version": null
        }
      },
      {
        "package": "PackageA",
        "repositoryURL": "https://github.com/BalazsSzamody/SwiftPMTalk_A",
        "state": {
          "branch": null,
          "revision": "79af46ad88b5d9c7c41e75acf81eeb01c5531d25",
          "version": "0.0.2"
        }
      },
      {
        "package": "PackageB",
        "repositoryURL": "https://fr3qfly@bitbucket.org/fr3qfly/swiftpmtalk_b.git",
        "state": {
          "branch": null,
          "revision": "423b3551cf31aac4e841be10092131fe66073dcc",
          "version": "0.0.2"
        }
      }
    ]
  },
  "version": 1
}
